
Microsoft Visual Studio Solution File, Format Version 12.00
# Visual Studio 15
VisualStudioVersion = 15.0.26403.7
MinimumVisualStudioVersion = 10.0.40219.1
Project("{FAE04EC0-301F-11D3-BF4B-00C04F79EFBC}") = "zh.fang.stu.httpmodel", "zh.fang.stu.httpmodel\zh.fang.stu.httpmodel.csproj", "{6AB1CD4E-3FC3-412E-9BF1-866DA1F34183}"
EndProject
Project("{FAE04EC0-301F-11D3-BF4B-00C04F79EFBC}") = "zh.fang.stu.task", "zh.fang.stu.task\zh.fang.stu.task.csproj", "{390BAC0E-66D5-453C-B887-D38AACFDC4BF}"
EndProject
Project("{FAE04EC0-301F-11D3-BF4B-00C04F79EFBC}") = "zh.fang.stu.configuration", "zh.fang.stu.configuration\zh.fang.stu.configuration.csproj", "{93D59ED3-1CF7-4C6A-9C84-38D2DB1D9858}"
EndProject
Project("{FAE04EC0-301F-11D3-BF4B-00C04F79EFBC}") = "zh.fang.stu.reg", "zh.fang.stu.reg\zh.fang.stu.reg.csproj", "{ABCB6813-4B65-405E-93E0-557C16114782}"
EndProject
Project("{FAE04EC0-301F-11D3-BF4B-00C04F79EFBC}") = "zh.fang.stu.timestamp", "zh.fang.stu.timestamp\zh.fang.stu.timestamp.csproj", "{448B6D78-BDA0-49EA-9871-AC14670B3420}"
EndProject
Project("{FAE04EC0-301F-11D3-BF4B-00C04F79EFBC}") = "zh.fang.stu.event", "zh.fang.stu.event\zh.fang.stu.event.csproj", "{86C98E5F-DBFA-4AA3-BCF7-9EAD27409AF7}"
EndProject
Project("{FAE04EC0-301F-11D3-BF4B-00C04F79EFBC}") = "zh.fang.stu.clone", "zh.fang.stu.clone\zh.fang.stu.clone.csproj", "{5E377368-6A6C-490B-896A-8F28CE1ABCB5}"
EndProject
Project("{FAE04EC0-301F-11D3-BF4B-00C04F79EFBC}") = "zh.fang.stu.responsefilter", "zh.fang.stu.responsefilter\zh.fang.stu.responsefilter.csproj", "{67FC9437-0A9D-46B7-9422-DB1976B3ECFE}"
EndProject
Project("{FAE04EC0-301F-11D3-BF4B-00C04F79EFBC}") = "zh.fang.stu.webapi.responsefilter", "zh.fang.stu.webapi.responsefilter\zh.fang.stu.webapi.responsefilter.csproj", "{9AD1B7FE-6129-49AA-8643-60F53DACE76D}"
EndProject
Project("{FAE04EC0-301F-11D3-BF4B-00C04F79EFBC}") = "zh.fang.stu.encryption", "zh.fang.stu.encryption\zh.fang.stu.encryption.csproj", "{DC202C30-3670-49BC-BCBE-163EAA5B6C5C}"
EndProject
Project("{2150E333-8FDC-42A3-9474-1A3956D46DE8}") = "callback", "callback", "{FA5BBC4D-4A30-4041-8E62-BDC0D58DE863}"
EndProject
Project("{FAE04EC0-301F-11D3-BF4B-00C04F79EFBC}") = "zh.fang.stu.callback.server", "zh.fang.stu.callback.server\zh.fang.stu.callback.server.csproj", "{C370D9BF-6C08-42A3-83E1-8F575AD7D9C6}"
EndProject
Project("{FAE04EC0-301F-11D3-BF4B-00C04F79EFBC}") = "zh.fang.stu.callback.client", "zh.fang.stu.callback.client\zh.fang.stu.callback.client.csproj", "{01D9D4BC-2FEE-4C8E-962F-EDC3B0DB9A2F}"
EndProject
Project("{FAE04EC0-301F-11D3-BF4B-00C04F79EFBC}") = "zh.fang.stu.3thr.client", "zh.fang.stu.3thr.client\zh.fang.stu.3thr.client.csproj", "{2762FA5A-4C4F-434F-A219-4D8930B13598}"
EndProject
Project("{FAE04EC0-301F-11D3-BF4B-00C04F79EFBC}") = "zh.fang.stu.callbackevent", "zh.fang.stu.callbackevent\zh.fang.stu.callbackevent.csproj", "{D6D3A087-79BD-4333-BCE3-08F8C25ED220}"
EndProject
Project("{FAE04EC0-301F-11D3-BF4B-00C04F79EFBC}") = "zh.fang.stu.equal", "zh.fang.stu.equal\zh.fang.stu.equal.csproj", "{ADC3B7E0-EBB3-466E-BB76-8DA4B4EA148E}"
EndProject
Project("{FAE04EC0-301F-11D3-BF4B-00C04F79EFBC}") = "zh.fang.stu.enumerate", "zh.fang.stu.enumerate\zh.fang.stu.enumerate.csproj", "{BAEFC6C8-A38D-49FA-903C-9D5E5C3419A8}"
EndProject
Global
	GlobalSection(SolutionConfigurationPlatforms) = preSolution
		Debug|Any CPU = Debug|Any CPU
		Release|Any CPU = Release|Any CPU
	EndGlobalSection
	GlobalSection(ProjectConfigurationPlatforms) = postSolution
		{6AB1CD4E-3FC3-412E-9BF1-866DA1F34183}.Debug|Any CPU.ActiveCfg = Debug|Any CPU
		{6AB1CD4E-3FC3-412E-9BF1-866DA1F34183}.Debug|Any CPU.Build.0 = Debug|Any CPU
		{6AB1CD4E-3FC3-412E-9BF1-866DA1F34183}.Release|Any CPU.ActiveCfg = Release|Any CPU
		{6AB1CD4E-3FC3-412E-9BF1-866DA1F34183}.Release|Any CPU.Build.0 = Release|Any CPU
		{390BAC0E-66D5-453C-B887-D38AACFDC4BF}.Debug|Any CPU.ActiveCfg = Debug|Any CPU
		{390BAC0E-66D5-453C-B887-D38AACFDC4BF}.Debug|Any CPU.Build.0 = Debug|Any CPU
		{390BAC0E-66D5-453C-B887-D38AACFDC4BF}.Release|Any CPU.ActiveCfg = Release|Any CPU
		{390BAC0E-66D5-453C-B887-D38AACFDC4BF}.Release|Any CPU.Build.0 = Release|Any CPU
		{93D59ED3-1CF7-4C6A-9C84-38D2DB1D9858}.Debug|Any CPU.ActiveCfg = Debug|Any CPU
		{93D59ED3-1CF7-4C6A-9C84-38D2DB1D9858}.Debug|Any CPU.Build.0 = Debug|Any CPU
		{93D59ED3-1CF7-4C6A-9C84-38D2DB1D9858}.Release|Any CPU.ActiveCfg = Release|Any CPU
		{93D59ED3-1CF7-4C6A-9C84-38D2DB1D9858}.Release|Any CPU.Build.0 = Release|Any CPU
		{ABCB6813-4B65-405E-93E0-557C16114782}.Debug|Any CPU.ActiveCfg = Debug|Any CPU
		{ABCB6813-4B65-405E-93E0-557C16114782}.Debug|Any CPU.Build.0 = Debug|Any CPU
		{ABCB6813-4B65-405E-93E0-557C16114782}.Release|Any CPU.ActiveCfg = Release|Any CPU
		{ABCB6813-4B65-405E-93E0-557C16114782}.Release|Any CPU.Build.0 = Release|Any CPU
		{448B6D78-BDA0-49EA-9871-AC14670B3420}.Debug|Any CPU.ActiveCfg = Debug|Any CPU
		{448B6D78-BDA0-49EA-9871-AC14670B3420}.Debug|Any CPU.Build.0 = Debug|Any CPU
		{448B6D78-BDA0-49EA-9871-AC14670B3420}.Release|Any CPU.ActiveCfg = Release|Any CPU
		{448B6D78-BDA0-49EA-9871-AC14670B3420}.Release|Any CPU.Build.0 = Release|Any CPU
		{86C98E5F-DBFA-4AA3-BCF7-9EAD27409AF7}.Debug|Any CPU.ActiveCfg = Debug|Any CPU
		{86C98E5F-DBFA-4AA3-BCF7-9EAD27409AF7}.Debug|Any CPU.Build.0 = Debug|Any CPU
		{86C98E5F-DBFA-4AA3-BCF7-9EAD27409AF7}.Release|Any CPU.ActiveCfg = Release|Any CPU
		{86C98E5F-DBFA-4AA3-BCF7-9EAD27409AF7}.Release|Any CPU.Build.0 = Release|Any CPU
		{5E377368-6A6C-490B-896A-8F28CE1ABCB5}.Debug|Any CPU.ActiveCfg = Debug|Any CPU
		{5E377368-6A6C-490B-896A-8F28CE1ABCB5}.Debug|Any CPU.Build.0 = Debug|Any CPU
		{5E377368-6A6C-490B-896A-8F28CE1ABCB5}.Release|Any CPU.ActiveCfg = Release|Any CPU
		{5E377368-6A6C-490B-896A-8F28CE1ABCB5}.Release|Any CPU.Build.0 = Release|Any CPU
		{67FC9437-0A9D-46B7-9422-DB1976B3ECFE}.Debug|Any CPU.ActiveCfg = Debug|Any CPU
		{67FC9437-0A9D-46B7-9422-DB1976B3ECFE}.Debug|Any CPU.Build.0 = Debug|Any CPU
		{67FC9437-0A9D-46B7-9422-DB1976B3ECFE}.Release|Any CPU.ActiveCfg = Release|Any CPU
		{67FC9437-0A9D-46B7-9422-DB1976B3ECFE}.Release|Any CPU.Build.0 = Release|Any CPU
		{9AD1B7FE-6129-49AA-8643-60F53DACE76D}.Debug|Any CPU.ActiveCfg = Debug|Any CPU
		{9AD1B7FE-6129-49AA-8643-60F53DACE76D}.Debug|Any CPU.Build.0 = Debug|Any CPU
		{9AD1B7FE-6129-49AA-8643-60F53DACE76D}.Release|Any CPU.ActiveCfg = Release|Any CPU
		{9AD1B7FE-6129-49AA-8643-60F53DACE76D}.Release|Any CPU.Build.0 = Release|Any CPU
		{DC202C30-3670-49BC-BCBE-163EAA5B6C5C}.Debug|Any CPU.ActiveCfg = Debug|Any CPU
		{DC202C30-3670-49BC-BCBE-163EAA5B6C5C}.Debug|Any CPU.Build.0 = Debug|Any CPU
		{DC202C30-3670-49BC-BCBE-163EAA5B6C5C}.Release|Any CPU.ActiveCfg = Release|Any CPU
		{DC202C30-3670-49BC-BCBE-163EAA5B6C5C}.Release|Any CPU.Build.0 = Release|Any CPU
		{C370D9BF-6C08-42A3-83E1-8F575AD7D9C6}.Debug|Any CPU.ActiveCfg = Debug|Any CPU
		{C370D9BF-6C08-42A3-83E1-8F575AD7D9C6}.Debug|Any CPU.Build.0 = Debug|Any CPU
		{C370D9BF-6C08-42A3-83E1-8F575AD7D9C6}.Release|Any CPU.ActiveCfg = Release|Any CPU
		{C370D9BF-6C08-42A3-83E1-8F575AD7D9C6}.Release|Any CPU.Build.0 = Release|Any CPU
		{01D9D4BC-2FEE-4C8E-962F-EDC3B0DB9A2F}.Debug|Any CPU.ActiveCfg = Debug|Any CPU
		{01D9D4BC-2FEE-4C8E-962F-EDC3B0DB9A2F}.Debug|Any CPU.Build.0 = Debug|Any CPU
		{01D9D4BC-2FEE-4C8E-962F-EDC3B0DB9A2F}.Release|Any CPU.ActiveCfg = Release|Any CPU
		{01D9D4BC-2FEE-4C8E-962F-EDC3B0DB9A2F}.Release|Any CPU.Build.0 = Release|Any CPU
		{2762FA5A-4C4F-434F-A219-4D8930B13598}.Debug|Any CPU.ActiveCfg = Debug|Any CPU
		{2762FA5A-4C4F-434F-A219-4D8930B13598}.Debug|Any CPU.Build.0 = Debug|Any CPU
		{2762FA5A-4C4F-434F-A219-4D8930B13598}.Release|Any CPU.ActiveCfg = Release|Any CPU
		{2762FA5A-4C4F-434F-A219-4D8930B13598}.Release|Any CPU.Build.0 = Release|Any CPU
		{D6D3A087-79BD-4333-BCE3-08F8C25ED220}.Debug|Any CPU.ActiveCfg = Debug|Any CPU
		{D6D3A087-79BD-4333-BCE3-08F8C25ED220}.Debug|Any CPU.Build.0 = Debug|Any CPU
		{D6D3A087-79BD-4333-BCE3-08F8C25ED220}.Release|Any CPU.ActiveCfg = Release|Any CPU
		{D6D3A087-79BD-4333-BCE3-08F8C25ED220}.Release|Any CPU.Build.0 = Release|Any CPU
		{ADC3B7E0-EBB3-466E-BB76-8DA4B4EA148E}.Debug|Any CPU.ActiveCfg = Debug|Any CPU
		{ADC3B7E0-EBB3-466E-BB76-8DA4B4EA148E}.Debug|Any CPU.Build.0 = Debug|Any CPU
		{ADC3B7E0-EBB3-466E-BB76-8DA4B4EA148E}.Release|Any CPU.ActiveCfg = Release|Any CPU
		{ADC3B7E0-EBB3-466E-BB76-8DA4B4EA148E}.Release|Any CPU.Build.0 = Release|Any CPU
		{BAEFC6C8-A38D-49FA-903C-9D5E5C3419A8}.Debug|Any CPU.ActiveCfg = Debug|Any CPU
		{BAEFC6C8-A38D-49FA-903C-9D5E5C3419A8}.Debug|Any CPU.Build.0 = Debug|Any CPU
		{BAEFC6C8-A38D-49FA-903C-9D5E5C3419A8}.Release|Any CPU.ActiveCfg = Release|Any CPU
		{BAEFC6C8-A38D-49FA-903C-9D5E5C3419A8}.Release|Any CPU.Build.0 = Release|Any CPU
	EndGlobalSection
	GlobalSection(SolutionProperties) = preSolution
		HideSolutionNode = FALSE
	EndGlobalSection
	GlobalSection(NestedProjects) = preSolution
		{C370D9BF-6C08-42A3-83E1-8F575AD7D9C6} = {FA5BBC4D-4A30-4041-8E62-BDC0D58DE863}
		{01D9D4BC-2FEE-4C8E-962F-EDC3B0DB9A2F} = {FA5BBC4D-4A30-4041-8E62-BDC0D58DE863}
	EndGlobalSection
EndGlobal
